
Microsoft Visual Studio Solution File, Format Version 12.00
# Visual Studio Version 17
VisualStudioVersion = 17.0.31903.59
MinimumVisualStudioVersion = 10.0.40219.1
Project("{FAE04EC0-301F-11D3-BF4B-00C04F79EFBC}") = "CanonicaLib.DataAnnotations", "CanonicaLib.DataAnnotations\CanonicaLib.DataAnnotations.csproj", "{06A858A1-1728-4D77-A1D5-343229BF62A6}"
EndProject
Project("{FAE04EC0-301F-11D3-BF4B-00C04F79EFBC}") = "CanonicaLib.UI", "CanonicaLib.UI\CanonicaLib.UI.csproj", "{8BEED9DA-837F-43FD-9484-40B7434AAF0E}"
EndProject
Project("{2150E333-8FDC-42A3-9474-1A3956D46DE8}") = "Test", "Test", "{0C88DD14-F956-CE84-757C-A364CCF449FC}"
EndProject
Project("{FAE04EC0-301F-11D3-BF4B-00C04F79EFBC}") = "Contract", "Test\Contract\Contract.csproj", "{7F28A16B-D4C5-4AF0-A03D-BA4E277A8C90}"
EndProject
Project("{FAE04EC0-301F-11D3-BF4B-00C04F79EFBC}") = "DesignSpecifications", "Test\DesignSpecifications\DesignSpecifications.csproj", "{A94DAA0D-ACD8-4066-B181-49C6926D3388}"
EndProject
Project("{2150E333-8FDC-42A3-9474-1A3956D46DE8}") = "Solution Items", "Solution Items", "{8EC462FD-D22E-90A8-E5CE-7E832BA40C5D}"
	ProjectSection(SolutionItems) = preProject
		CHANGELOG.md = CHANGELOG.md
		CONTRIBUTING.md = CONTRIBUTING.md
		Directory.Build.props = Directory.Build.props
		LICENSE = LICENSE
		README.md = README.md
	EndProjectSection
EndProject
Project("{2150E333-8FDC-42A3-9474-1A3956D46DE8}") = "docs", "docs", "{02EA681E-C7D8-13C7-8484-4AC65E1B71E8}"
	ProjectSection(SolutionItems) = preProject
		docs\GETTINGSTARTED.md = docs\GETTINGSTARTED.md
	EndProjectSection
EndProject
Project("{2150E333-8FDC-42A3-9474-1A3956D46DE8}") = ".github", ".github", "{C372229D-44A8-408F-9E37-010E2FCA5878}"
EndProject
Project("{2150E333-8FDC-42A3-9474-1A3956D46DE8}") = "workflows", "workflows", "{987D6155-952B-45A7-A260-91D32CA09A43}"
	ProjectSection(SolutionItems) = preProject
		.github\workflows\build-and-publish.yml = .github\workflows\build-and-publish.yml
	EndProjectSection
EndProject
Project("{2150E333-8FDC-42A3-9474-1A3956D46DE8}") = "Design Specs", "Design Specs", "{DFAC4BB9-8576-4617-B354-E8B3F2D3587D}"
EndProject
Project("{FAE04EC0-301F-11D3-BF4B-00C04F79EFBC}") = "Contract", "..\design-specifications-poc\Contract\Contract.csproj", "{9588FACA-7CCE-5B15-2BDC-C7ACA5EA75C8}"
EndProject
Project("{FAE04EC0-301F-11D3-BF4B-00C04F79EFBC}") = "Customers.Communications.Capability", "..\design-specifications-poc\Customers.Communications.Capability\Customers.Communications.Capability.csproj", "{FD07C3DA-A631-B59F-6934-1C34958CCE88}"
EndProject
Project("{FAE04EC0-301F-11D3-BF4B-00C04F79EFBC}") = "Customers.Communications.ContextProvider", "..\design-specifications-poc\Customers.Communications.ContextProvider\Customers.Communications.ContextProvider.csproj", "{96F8A05C-C539-2600-936E-FC27CEFD6182}"
EndProject
Project("{FAE04EC0-301F-11D3-BF4B-00C04F79EFBC}") = "Customers.Contracts.Capability", "..\design-specifications-poc\Customers.Contracts.Capability\Customers.Contracts.Capability.csproj", "{4D1796B5-162B-8E76-900C-1F0CE41A1198}"
EndProject
Project("{FAE04EC0-301F-11D3-BF4B-00C04F79EFBC}") = "Orders", "..\design-specifications-poc\Orders\Orders.csproj", "{735C2DD7-C7B8-0EA7-EBA1-3A016AE83C9D}"
EndProject
Project("{FAE04EC0-301F-11D3-BF4B-00C04F79EFBC}") = "Products.Baskets", "..\design-specifications-poc\Products.Baskets\Products.Baskets.csproj", "{75F62D34-1A4A-08DC-2D7F-11B0FD07A3DA}"
EndProject
Project("{FAE04EC0-301F-11D3-BF4B-00C04F79EFBC}") = "Products.Catalogue.Capability", "..\design-specifications-poc\Products.Catalogue.Capability\Products.Catalogue.Capability.csproj", "{01BF13FB-2325-FF15-25E2-6E1E7BA22A22}"
EndProject
Project("{FAE04EC0-301F-11D3-BF4B-00C04F79EFBC}") = "Products.Catalogue.Management", "..\design-specifications-poc\Products.Catalogue.Management\Products.Catalogue.Management.csproj", "{77E91124-1910-64D9-D114-B8F418DA2BD5}"
EndProject
Project("{FAE04EC0-301F-11D3-BF4B-00C04F79EFBC}") = "Products.Ordering", "..\design-specifications-poc\Products.Ordering\Products.Ordering.csproj", "{4C40407D-7A23-729F-DEC5-094D1BBF5EB2}"
EndProject
Project("{FAE04EC0-301F-11D3-BF4B-00C04F79EFBC}") = "Products.Promotions", "..\design-specifications-poc\Products.Promotions\Products.Promotions.csproj", "{DD42F8FE-F324-EDC6-7CD4-6E9FEC56418E}"
EndProject
Project("{FAE04EC0-301F-11D3-BF4B-00C04F79EFBC}") = "Products.Qualification", "..\design-specifications-poc\Products.Qualification\Products.Qualification.csproj", "{F42F1F8D-A4C5-796B-8E34-F1B043DCC87C}"
EndProject
Project("{FAE04EC0-301F-11D3-BF4B-00C04F79EFBC}") = "Resources", "..\design-specifications-poc\Resources\Resources.csproj", "{0E32B949-7AC3-9EFB-8201-5F00602DEE80}"
EndProject
Project("{FAE04EC0-301F-11D3-BF4B-00C04F79EFBC}") = "Resources.Logistics.CPE", "..\design-specifications-poc\Resources.Logistics.CPE\Resources.Logistics.CPE.csproj", "{45E65817-6FEF-04AA-B8C4-783047567B5A}"
EndProject
Project("{FAE04EC0-301F-11D3-BF4B-00C04F79EFBC}") = "Resources.Logistics.CPE.Capability", "..\design-specifications-poc\Resources.Logistics.CPE.Capability\Resources.Logistics.CPE.Capability.csproj", "{DE9E00C8-7B42-5865-6766-9640A899505E}"
EndProject
Project("{FAE04EC0-301F-11D3-BF4B-00C04F79EFBC}") = "Services", "..\design-specifications-poc\Services\Services.csproj", "{AB879397-DA36-988B-4AD0-AA37E9601090}"
EndProject
Project("{FAE04EC0-301F-11D3-BF4B-00C04F79EFBC}") = "Services.Addressing.Capability", "..\design-specifications-poc\Services.Addressing.Capability\Services.Addressing.Capability.csproj", "{01708F42-984D-46BC-FED3-2F9FF30D753C}"
EndProject
Project("{FAE04EC0-301F-11D3-BF4B-00C04F79EFBC}") = "Services.Addressing.SupplierIntegration", "..\design-specifications-poc\Services.Addressing.SupplierIntegration\Services.Addressing.SupplierIntegration.csproj", "{7D517858-76C7-DC0D-D36E-59FDBAB2B72B}"
EndProject
Project("{FAE04EC0-301F-11D3-BF4B-00C04F79EFBC}") = "Services.Appointing.Capability", "..\design-specifications-poc\Services.Appointing.Capability\Services.Appointing.Capability.csproj", "{9B46286F-2F54-FD39-CD7E-B66A1943019A}"
EndProject
Global
	GlobalSection(SolutionConfigurationPlatforms) = preSolution
		Debug|Any CPU = Debug|Any CPU
		Debug|x64 = Debug|x64
		Debug|x86 = Debug|x86
		Release|Any CPU = Release|Any CPU
		Release|x64 = Release|x64
		Release|x86 = Release|x86
	EndGlobalSection
	GlobalSection(ProjectConfigurationPlatforms) = postSolution
		{06A858A1-1728-4D77-A1D5-343229BF62A6}.Debug|Any CPU.ActiveCfg = Debug|Any CPU
		{06A858A1-1728-4D77-A1D5-343229BF62A6}.Debug|Any CPU.Build.0 = Debug|Any CPU
		{06A858A1-1728-4D77-A1D5-343229BF62A6}.Debug|x64.ActiveCfg = Debug|Any CPU
		{06A858A1-1728-4D77-A1D5-343229BF62A6}.Debug|x64.Build.0 = Debug|Any CPU
		{06A858A1-1728-4D77-A1D5-343229BF62A6}.Debug|x86.ActiveCfg = Debug|Any CPU
		{06A858A1-1728-4D77-A1D5-343229BF62A6}.Debug|x86.Build.0 = Debug|Any CPU
		{06A858A1-1728-4D77-A1D5-343229BF62A6}.Release|Any CPU.ActiveCfg = Release|Any CPU
		{06A858A1-1728-4D77-A1D5-343229BF62A6}.Release|Any CPU.Build.0 = Release|Any CPU
		{06A858A1-1728-4D77-A1D5-343229BF62A6}.Release|x64.ActiveCfg = Release|Any CPU
		{06A858A1-1728-4D77-A1D5-343229BF62A6}.Release|x64.Build.0 = Release|Any CPU
		{06A858A1-1728-4D77-A1D5-343229BF62A6}.Release|x86.ActiveCfg = Release|Any CPU
		{06A858A1-1728-4D77-A1D5-343229BF62A6}.Release|x86.Build.0 = Release|Any CPU
		{8BEED9DA-837F-43FD-9484-40B7434AAF0E}.Debug|Any CPU.ActiveCfg = Debug|Any CPU
		{8BEED9DA-837F-43FD-9484-40B7434AAF0E}.Debug|Any CPU.Build.0 = Debug|Any CPU
		{8BEED9DA-837F-43FD-9484-40B7434AAF0E}.Debug|x64.ActiveCfg = Debug|Any CPU
		{8BEED9DA-837F-43FD-9484-40B7434AAF0E}.Debug|x64.Build.0 = Debug|Any CPU
		{8BEED9DA-837F-43FD-9484-40B7434AAF0E}.Debug|x86.ActiveCfg = Debug|Any CPU
		{8BEED9DA-837F-43FD-9484-40B7434AAF0E}.Debug|x86.Build.0 = Debug|Any CPU
		{8BEED9DA-837F-43FD-9484-40B7434AAF0E}.Release|Any CPU.ActiveCfg = Release|Any CPU
		{8BEED9DA-837F-43FD-9484-40B7434AAF0E}.Release|Any CPU.Build.0 = Release|Any CPU
		{8BEED9DA-837F-43FD-9484-40B7434AAF0E}.Release|x64.ActiveCfg = Release|Any CPU
		{8BEED9DA-837F-43FD-9484-40B7434AAF0E}.Release|x64.Build.0 = Release|Any CPU
		{8BEED9DA-837F-43FD-9484-40B7434AAF0E}.Release|x86.ActiveCfg = Release|Any CPU
		{8BEED9DA-837F-43FD-9484-40B7434AAF0E}.Release|x86.Build.0 = Release|Any CPU
		{7F28A16B-D4C5-4AF0-A03D-BA4E277A8C90}.Debug|Any CPU.ActiveCfg = Debug|Any CPU
		{7F28A16B-D4C5-4AF0-A03D-BA4E277A8C90}.Debug|Any CPU.Build.0 = Debug|Any CPU
		{7F28A16B-D4C5-4AF0-A03D-BA4E277A8C90}.Debug|x64.ActiveCfg = Debug|Any CPU
		{7F28A16B-D4C5-4AF0-A03D-BA4E277A8C90}.Debug|x64.Build.0 = Debug|Any CPU
		{7F28A16B-D4C5-4AF0-A03D-BA4E277A8C90}.Debug|x86.ActiveCfg = Debug|Any CPU
		{7F28A16B-D4C5-4AF0-A03D-BA4E277A8C90}.Debug|x86.Build.0 = Debug|Any CPU
		{7F28A16B-D4C5-4AF0-A03D-BA4E277A8C90}.Release|Any CPU.ActiveCfg = Release|Any CPU
		{7F28A16B-D4C5-4AF0-A03D-BA4E277A8C90}.Release|Any CPU.Build.0 = Release|Any CPU
		{7F28A16B-D4C5-4AF0-A03D-BA4E277A8C90}.Release|x64.ActiveCfg = Release|Any CPU
		{7F28A16B-D4C5-4AF0-A03D-BA4E277A8C90}.Release|x64.Build.0 = Release|Any CPU
		{7F28A16B-D4C5-4AF0-A03D-BA4E277A8C90}.Release|x86.ActiveCfg = Release|Any CPU
		{7F28A16B-D4C5-4AF0-A03D-BA4E277A8C90}.Release|x86.Build.0 = Release|Any CPU
		{A94DAA0D-ACD8-4066-B181-49C6926D3388}.Debug|Any CPU.ActiveCfg = Debug|Any CPU
		{A94DAA0D-ACD8-4066-B181-49C6926D3388}.Debug|Any CPU.Build.0 = Debug|Any CPU
		{A94DAA0D-ACD8-4066-B181-49C6926D3388}.Debug|x64.ActiveCfg = Debug|Any CPU
		{A94DAA0D-ACD8-4066-B181-49C6926D3388}.Debug|x64.Build.0 = Debug|Any CPU
		{A94DAA0D-ACD8-4066-B181-49C6926D3388}.Debug|x86.ActiveCfg = Debug|Any CPU
		{A94DAA0D-ACD8-4066-B181-49C6926D3388}.Debug|x86.Build.0 = Debug|Any CPU
		{A94DAA0D-ACD8-4066-B181-49C6926D3388}.Release|Any CPU.ActiveCfg = Release|Any CPU
		{A94DAA0D-ACD8-4066-B181-49C6926D3388}.Release|Any CPU.Build.0 = Release|Any CPU
		{A94DAA0D-ACD8-4066-B181-49C6926D3388}.Release|x64.ActiveCfg = Release|Any CPU
		{A94DAA0D-ACD8-4066-B181-49C6926D3388}.Release|x64.Build.0 = Release|Any CPU
		{A94DAA0D-ACD8-4066-B181-49C6926D3388}.Release|x86.ActiveCfg = Release|Any CPU
		{A94DAA0D-ACD8-4066-B181-49C6926D3388}.Release|x86.Build.0 = Release|Any CPU
		{9588FACA-7CCE-5B15-2BDC-C7ACA5EA75C8}.Debug|Any CPU.ActiveCfg = Debug|Any CPU
		{9588FACA-7CCE-5B15-2BDC-C7ACA5EA75C8}.Debug|Any CPU.Build.0 = Debug|Any CPU
		{9588FACA-7CCE-5B15-2BDC-C7ACA5EA75C8}.Debug|x64.ActiveCfg = Debug|Any CPU
		{9588FACA-7CCE-5B15-2BDC-C7ACA5EA75C8}.Debug|x64.Build.0 = Debug|Any CPU
		{9588FACA-7CCE-5B15-2BDC-C7ACA5EA75C8}.Debug|x86.ActiveCfg = Debug|Any CPU
		{9588FACA-7CCE-5B15-2BDC-C7ACA5EA75C8}.Debug|x86.Build.0 = Debug|Any CPU
		{9588FACA-7CCE-5B15-2BDC-C7ACA5EA75C8}.Release|Any CPU.ActiveCfg = Release|Any CPU
		{9588FACA-7CCE-5B15-2BDC-C7ACA5EA75C8}.Release|Any CPU.Build.0 = Release|Any CPU
		{9588FACA-7CCE-5B15-2BDC-C7ACA5EA75C8}.Release|x64.ActiveCfg = Release|Any CPU
		{9588FACA-7CCE-5B15-2BDC-C7ACA5EA75C8}.Release|x64.Build.0 = Release|Any CPU
		{9588FACA-7CCE-5B15-2BDC-C7ACA5EA75C8}.Release|x86.ActiveCfg = Release|Any CPU
		{9588FACA-7CCE-5B15-2BDC-C7ACA5EA75C8}.Release|x86.Build.0 = Release|Any CPU
		{FD07C3DA-A631-B59F-6934-1C34958CCE88}.Debug|Any CPU.ActiveCfg = Debug|Any CPU
		{FD07C3DA-A631-B59F-6934-1C34958CCE88}.Debug|Any CPU.Build.0 = Debug|Any CPU
		{FD07C3DA-A631-B59F-6934-1C34958CCE88}.Debug|x64.ActiveCfg = Debug|Any CPU
		{FD07C3DA-A631-B59F-6934-1C34958CCE88}.Debug|x64.Build.0 = Debug|Any CPU
		{FD07C3DA-A631-B59F-6934-1C34958CCE88}.Debug|x86.ActiveCfg = Debug|Any CPU
		{FD07C3DA-A631-B59F-6934-1C34958CCE88}.Debug|x86.Build.0 = Debug|Any CPU
		{FD07C3DA-A631-B59F-6934-1C34958CCE88}.Release|Any CPU.ActiveCfg = Release|Any CPU
		{FD07C3DA-A631-B59F-6934-1C34958CCE88}.Release|Any CPU.Build.0 = Release|Any CPU
		{FD07C3DA-A631-B59F-6934-1C34958CCE88}.Release|x64.ActiveCfg = Release|Any CPU
		{FD07C3DA-A631-B59F-6934-1C34958CCE88}.Release|x64.Build.0 = Release|Any CPU
		{FD07C3DA-A631-B59F-6934-1C34958CCE88}.Release|x86.ActiveCfg = Release|Any CPU
		{FD07C3DA-A631-B59F-6934-1C34958CCE88}.Release|x86.Build.0 = Release|Any CPU
		{96F8A05C-C539-2600-936E-FC27CEFD6182}.Debug|Any CPU.ActiveCfg = Debug|Any CPU
		{96F8A05C-C539-2600-936E-FC27CEFD6182}.Debug|Any CPU.Build.0 = Debug|Any CPU
		{96F8A05C-C539-2600-936E-FC27CEFD6182}.Debug|x64.ActiveCfg = Debug|Any CPU
		{96F8A05C-C539-2600-936E-FC27CEFD6182}.Debug|x64.Build.0 = Debug|Any CPU
		{96F8A05C-C539-2600-936E-FC27CEFD6182}.Debug|x86.ActiveCfg = Debug|Any CPU
		{96F8A05C-C539-2600-936E-FC27CEFD6182}.Debug|x86.Build.0 = Debug|Any CPU
		{96F8A05C-C539-2600-936E-FC27CEFD6182}.Release|Any CPU.ActiveCfg = Release|Any CPU
		{96F8A05C-C539-2600-936E-FC27CEFD6182}.Release|Any CPU.Build.0 = Release|Any CPU
		{96F8A05C-C539-2600-936E-FC27CEFD6182}.Release|x64.ActiveCfg = Release|Any CPU
		{96F8A05C-C539-2600-936E-FC27CEFD6182}.Release|x64.Build.0 = Release|Any CPU
		{96F8A05C-C539-2600-936E-FC27CEFD6182}.Release|x86.ActiveCfg = Release|Any CPU
		{96F8A05C-C539-2600-936E-FC27CEFD6182}.Release|x86.Build.0 = Release|Any CPU
		{4D1796B5-162B-8E76-900C-1F0CE41A1198}.Debug|Any CPU.ActiveCfg = Debug|Any CPU
		{4D1796B5-162B-8E76-900C-1F0CE41A1198}.Debug|Any CPU.Build.0 = Debug|Any CPU
		{4D1796B5-162B-8E76-900C-1F0CE41A1198}.Debug|x64.ActiveCfg = Debug|Any CPU
		{4D1796B5-162B-8E76-900C-1F0CE41A1198}.Debug|x64.Build.0 = Debug|Any CPU
		{4D1796B5-162B-8E76-900C-1F0CE41A1198}.Debug|x86.ActiveCfg = Debug|Any CPU
		{4D1796B5-162B-8E76-900C-1F0CE41A1198}.Debug|x86.Build.0 = Debug|Any CPU
		{4D1796B5-162B-8E76-900C-1F0CE41A1198}.Release|Any CPU.ActiveCfg = Release|Any CPU
		{4D1796B5-162B-8E76-900C-1F0CE41A1198}.Release|Any CPU.Build.0 = Release|Any CPU
		{4D1796B5-162B-8E76-900C-1F0CE41A1198}.Release|x64.ActiveCfg = Release|Any CPU
		{4D1796B5-162B-8E76-900C-1F0CE41A1198}.Release|x64.Build.0 = Release|Any CPU
		{4D1796B5-162B-8E76-900C-1F0CE41A1198}.Release|x86.ActiveCfg = Release|Any CPU
		{4D1796B5-162B-8E76-900C-1F0CE41A1198}.Release|x86.Build.0 = Release|Any CPU
		{735C2DD7-C7B8-0EA7-EBA1-3A016AE83C9D}.Debug|Any CPU.ActiveCfg = Debug|Any CPU
		{735C2DD7-C7B8-0EA7-EBA1-3A016AE83C9D}.Debug|Any CPU.Build.0 = Debug|Any CPU
		{735C2DD7-C7B8-0EA7-EBA1-3A016AE83C9D}.Debug|x64.ActiveCfg = Debug|Any CPU
		{735C2DD7-C7B8-0EA7-EBA1-3A016AE83C9D}.Debug|x64.Build.0 = Debug|Any CPU
		{735C2DD7-C7B8-0EA7-EBA1-3A016AE83C9D}.Debug|x86.ActiveCfg = Debug|Any CPU
		{735C2DD7-C7B8-0EA7-EBA1-3A016AE83C9D}.Debug|x86.Build.0 = Debug|Any CPU
		{735C2DD7-C7B8-0EA7-EBA1-3A016AE83C9D}.Release|Any CPU.ActiveCfg = Release|Any CPU
		{735C2DD7-C7B8-0EA7-EBA1-3A016AE83C9D}.Release|Any CPU.Build.0 = Release|Any CPU
		{735C2DD7-C7B8-0EA7-EBA1-3A016AE83C9D}.Release|x64.ActiveCfg = Release|Any CPU
		{735C2DD7-C7B8-0EA7-EBA1-3A016AE83C9D}.Release|x64.Build.0 = Release|Any CPU
		{735C2DD7-C7B8-0EA7-EBA1-3A016AE83C9D}.Release|x86.ActiveCfg = Release|Any CPU
		{735C2DD7-C7B8-0EA7-EBA1-3A016AE83C9D}.Release|x86.Build.0 = Release|Any CPU
		{75F62D34-1A4A-08DC-2D7F-11B0FD07A3DA}.Debug|Any CPU.ActiveCfg = Debug|Any CPU
		{75F62D34-1A4A-08DC-2D7F-11B0FD07A3DA}.Debug|Any CPU.Build.0 = Debug|Any CPU
		{75F62D34-1A4A-08DC-2D7F-11B0FD07A3DA}.Debug|x64.ActiveCfg = Debug|Any CPU
		{75F62D34-1A4A-08DC-2D7F-11B0FD07A3DA}.Debug|x64.Build.0 = Debug|Any CPU
		{75F62D34-1A4A-08DC-2D7F-11B0FD07A3DA}.Debug|x86.ActiveCfg = Debug|Any CPU
		{75F62D34-1A4A-08DC-2D7F-11B0FD07A3DA}.Debug|x86.Build.0 = Debug|Any CPU
		{75F62D34-1A4A-08DC-2D7F-11B0FD07A3DA}.Release|Any CPU.ActiveCfg = Release|Any CPU
		{75F62D34-1A4A-08DC-2D7F-11B0FD07A3DA}.Release|Any CPU.Build.0 = Release|Any CPU
		{75F62D34-1A4A-08DC-2D7F-11B0FD07A3DA}.Release|x64.ActiveCfg = Release|Any CPU
		{75F62D34-1A4A-08DC-2D7F-11B0FD07A3DA}.Release|x64.Build.0 = Release|Any CPU
		{75F62D34-1A4A-08DC-2D7F-11B0FD07A3DA}.Release|x86.ActiveCfg = Release|Any CPU
		{75F62D34-1A4A-08DC-2D7F-11B0FD07A3DA}.Release|x86.Build.0 = Release|Any CPU
		{01BF13FB-2325-FF15-25E2-6E1E7BA22A22}.Debug|Any CPU.ActiveCfg = Debug|Any CPU
		{01BF13FB-2325-FF15-25E2-6E1E7BA22A22}.Debug|Any CPU.Build.0 = Debug|Any CPU
		{01BF13FB-2325-FF15-25E2-6E1E7BA22A22}.Debug|x64.ActiveCfg = Debug|Any CPU
		{01BF13FB-2325-FF15-25E2-6E1E7BA22A22}.Debug|x64.Build.0 = Debug|Any CPU
		{01BF13FB-2325-FF15-25E2-6E1E7BA22A22}.Debug|x86.ActiveCfg = Debug|Any CPU
		{01BF13FB-2325-FF15-25E2-6E1E7BA22A22}.Debug|x86.Build.0 = Debug|Any CPU
		{01BF13FB-2325-FF15-25E2-6E1E7BA22A22}.Release|Any CPU.ActiveCfg = Release|Any CPU
		{01BF13FB-2325-FF15-25E2-6E1E7BA22A22}.Release|Any CPU.Build.0 = Release|Any CPU
		{01BF13FB-2325-FF15-25E2-6E1E7BA22A22}.Release|x64.ActiveCfg = Release|Any CPU
		{01BF13FB-2325-FF15-25E2-6E1E7BA22A22}.Release|x64.Build.0 = Release|Any CPU
		{01BF13FB-2325-FF15-25E2-6E1E7BA22A22}.Release|x86.ActiveCfg = Release|Any CPU
		{01BF13FB-2325-FF15-25E2-6E1E7BA22A22}.Release|x86.Build.0 = Release|Any CPU
		{77E91124-1910-64D9-D114-B8F418DA2BD5}.Debug|Any CPU.ActiveCfg = Debug|Any CPU
		{77E91124-1910-64D9-D114-B8F418DA2BD5}.Debug|Any CPU.Build.0 = Debug|Any CPU
		{77E91124-1910-64D9-D114-B8F418DA2BD5}.Debug|x64.ActiveCfg = Debug|Any CPU
		{77E91124-1910-64D9-D114-B8F418DA2BD5}.Debug|x64.Build.0 = Debug|Any CPU
		{77E91124-1910-64D9-D114-B8F418DA2BD5}.Debug|x86.ActiveCfg = Debug|Any CPU
		{77E91124-1910-64D9-D114-B8F418DA2BD5}.Debug|x86.Build.0 = Debug|Any CPU
		{77E91124-1910-64D9-D114-B8F418DA2BD5}.Release|Any CPU.ActiveCfg = Release|Any CPU
		{77E91124-1910-64D9-D114-B8F418DA2BD5}.Release|Any CPU.Build.0 = Release|Any CPU
		{77E91124-1910-64D9-D114-B8F418DA2BD5}.Release|x64.ActiveCfg = Release|Any CPU
		{77E91124-1910-64D9-D114-B8F418DA2BD5}.Release|x64.Build.0 = Release|Any CPU
		{77E91124-1910-64D9-D114-B8F418DA2BD5}.Release|x86.ActiveCfg = Release|Any CPU
		{77E91124-1910-64D9-D114-B8F418DA2BD5}.Release|x86.Build.0 = Release|Any CPU
		{4C40407D-7A23-729F-DEC5-094D1BBF5EB2}.Debug|Any CPU.ActiveCfg = Debug|Any CPU
		{4C40407D-7A23-729F-DEC5-094D1BBF5EB2}.Debug|Any CPU.Build.0 = Debug|Any CPU
		{4C40407D-7A23-729F-DEC5-094D1BBF5EB2}.Debug|x64.ActiveCfg = Debug|Any CPU
		{4C40407D-7A23-729F-DEC5-094D1BBF5EB2}.Debug|x64.Build.0 = Debug|Any CPU
		{4C40407D-7A23-729F-DEC5-094D1BBF5EB2}.Debug|x86.ActiveCfg = Debug|Any CPU
		{4C40407D-7A23-729F-DEC5-094D1BBF5EB2}.Debug|x86.Build.0 = Debug|Any CPU
		{4C40407D-7A23-729F-DEC5-094D1BBF5EB2}.Release|Any CPU.ActiveCfg = Release|Any CPU
		{4C40407D-7A23-729F-DEC5-094D1BBF5EB2}.Release|Any CPU.Build.0 = Release|Any CPU
		{4C40407D-7A23-729F-DEC5-094D1BBF5EB2}.Release|x64.ActiveCfg = Release|Any CPU
		{4C40407D-7A23-729F-DEC5-094D1BBF5EB2}.Release|x64.Build.0 = Release|Any CPU
		{4C40407D-7A23-729F-DEC5-094D1BBF5EB2}.Release|x86.ActiveCfg = Release|Any CPU
		{4C40407D-7A23-729F-DEC5-094D1BBF5EB2}.Release|x86.Build.0 = Release|Any CPU
		{DD42F8FE-F324-EDC6-7CD4-6E9FEC56418E}.Debug|Any CPU.ActiveCfg = Debug|Any CPU
		{DD42F8FE-F324-EDC6-7CD4-6E9FEC56418E}.Debug|Any CPU.Build.0 = Debug|Any CPU
		{DD42F8FE-F324-EDC6-7CD4-6E9FEC56418E}.Debug|x64.ActiveCfg = Debug|Any CPU
		{DD42F8FE-F324-EDC6-7CD4-6E9FEC56418E}.Debug|x64.Build.0 = Debug|Any CPU
		{DD42F8FE-F324-EDC6-7CD4-6E9FEC56418E}.Debug|x86.ActiveCfg = Debug|Any CPU
		{DD42F8FE-F324-EDC6-7CD4-6E9FEC56418E}.Debug|x86.Build.0 = Debug|Any CPU
		{DD42F8FE-F324-EDC6-7CD4-6E9FEC56418E}.Release|Any CPU.ActiveCfg = Release|Any CPU
		{DD42F8FE-F324-EDC6-7CD4-6E9FEC56418E}.Release|Any CPU.Build.0 = Release|Any CPU
		{DD42F8FE-F324-EDC6-7CD4-6E9FEC56418E}.Release|x64.ActiveCfg = Release|Any CPU
		{DD42F8FE-F324-EDC6-7CD4-6E9FEC56418E}.Release|x64.Build.0 = Release|Any CPU
		{DD42F8FE-F324-EDC6-7CD4-6E9FEC56418E}.Release|x86.ActiveCfg = Release|Any CPU
		{DD42F8FE-F324-EDC6-7CD4-6E9FEC56418E}.Release|x86.Build.0 = Release|Any CPU
		{F42F1F8D-A4C5-796B-8E34-F1B043DCC87C}.Debug|Any CPU.ActiveCfg = Debug|Any CPU
		{F42F1F8D-A4C5-796B-8E34-F1B043DCC87C}.Debug|Any CPU.Build.0 = Debug|Any CPU
		{F42F1F8D-A4C5-796B-8E34-F1B043DCC87C}.Debug|x64.ActiveCfg = Debug|Any CPU
		{F42F1F8D-A4C5-796B-8E34-F1B043DCC87C}.Debug|x64.Build.0 = Debug|Any CPU
		{F42F1F8D-A4C5-796B-8E34-F1B043DCC87C}.Debug|x86.ActiveCfg = Debug|Any CPU
		{F42F1F8D-A4C5-796B-8E34-F1B043DCC87C}.Debug|x86.Build.0 = Debug|Any CPU
		{F42F1F8D-A4C5-796B-8E34-F1B043DCC87C}.Release|Any CPU.ActiveCfg = Release|Any CPU
		{F42F1F8D-A4C5-796B-8E34-F1B043DCC87C}.Release|Any CPU.Build.0 = Release|Any CPU
		{F42F1F8D-A4C5-796B-8E34-F1B043DCC87C}.Release|x64.ActiveCfg = Release|Any CPU
		{F42F1F8D-A4C5-796B-8E34-F1B043DCC87C}.Release|x64.Build.0 = Release|Any CPU
		{F42F1F8D-A4C5-796B-8E34-F1B043DCC87C}.Release|x86.ActiveCfg = Release|Any CPU
		{F42F1F8D-A4C5-796B-8E34-F1B043DCC87C}.Release|x86.Build.0 = Release|Any CPU
		{0E32B949-7AC3-9EFB-8201-5F00602DEE80}.Debug|Any CPU.ActiveCfg = Debug|Any CPU
		{0E32B949-7AC3-9EFB-8201-5F00602DEE80}.Debug|Any CPU.Build.0 = Debug|Any CPU
		{0E32B949-7AC3-9EFB-8201-5F00602DEE80}.Debug|x64.ActiveCfg = Debug|Any CPU
		{0E32B949-7AC3-9EFB-8201-5F00602DEE80}.Debug|x64.Build.0 = Debug|Any CPU
		{0E32B949-7AC3-9EFB-8201-5F00602DEE80}.Debug|x86.ActiveCfg = Debug|Any CPU
		{0E32B949-7AC3-9EFB-8201-5F00602DEE80}.Debug|x86.Build.0 = Debug|Any CPU
		{0E32B949-7AC3-9EFB-8201-5F00602DEE80}.Release|Any CPU.ActiveCfg = Release|Any CPU
		{0E32B949-7AC3-9EFB-8201-5F00602DEE80}.Release|Any CPU.Build.0 = Release|Any CPU
		{0E32B949-7AC3-9EFB-8201-5F00602DEE80}.Release|x64.ActiveCfg = Release|Any CPU
		{0E32B949-7AC3-9EFB-8201-5F00602DEE80}.Release|x64.Build.0 = Release|Any CPU
		{0E32B949-7AC3-9EFB-8201-5F00602DEE80}.Release|x86.ActiveCfg = Release|Any CPU
		{0E32B949-7AC3-9EFB-8201-5F00602DEE80}.Release|x86.Build.0 = Release|Any CPU
		{45E65817-6FEF-04AA-B8C4-783047567B5A}.Debug|Any CPU.ActiveCfg = Debug|Any CPU
		{45E65817-6FEF-04AA-B8C4-783047567B5A}.Debug|Any CPU.Build.0 = Debug|Any CPU
		{45E65817-6FEF-04AA-B8C4-783047567B5A}.Debug|x64.ActiveCfg = Debug|Any CPU
		{45E65817-6FEF-04AA-B8C4-783047567B5A}.Debug|x64.Build.0 = Debug|Any CPU
		{45E65817-6FEF-04AA-B8C4-783047567B5A}.Debug|x86.ActiveCfg = Debug|Any CPU
		{45E65817-6FEF-04AA-B8C4-783047567B5A}.Debug|x86.Build.0 = Debug|Any CPU
		{45E65817-6FEF-04AA-B8C4-783047567B5A}.Release|Any CPU.ActiveCfg = Release|Any CPU
		{45E65817-6FEF-04AA-B8C4-783047567B5A}.Release|Any CPU.Build.0 = Release|Any CPU
		{45E65817-6FEF-04AA-B8C4-783047567B5A}.Release|x64.ActiveCfg = Release|Any CPU
		{45E65817-6FEF-04AA-B8C4-783047567B5A}.Release|x64.Build.0 = Release|Any CPU
		{45E65817-6FEF-04AA-B8C4-783047567B5A}.Release|x86.ActiveCfg = Release|Any CPU
		{45E65817-6FEF-04AA-B8C4-783047567B5A}.Release|x86.Build.0 = Release|Any CPU
		{DE9E00C8-7B42-5865-6766-9640A899505E}.Debug|Any CPU.ActiveCfg = Debug|Any CPU
		{DE9E00C8-7B42-5865-6766-9640A899505E}.Debug|Any CPU.Build.0 = Debug|Any CPU
		{DE9E00C8-7B42-5865-6766-9640A899505E}.Debug|x64.ActiveCfg = Debug|Any CPU
		{DE9E00C8-7B42-5865-6766-9640A899505E}.Debug|x64.Build.0 = Debug|Any CPU
		{DE9E00C8-7B42-5865-6766-9640A899505E}.Debug|x86.ActiveCfg = Debug|Any CPU
		{DE9E00C8-7B42-5865-6766-9640A899505E}.Debug|x86.Build.0 = Debug|Any CPU
		{DE9E00C8-7B42-5865-6766-9640A899505E}.Release|Any CPU.ActiveCfg = Release|Any CPU
		{DE9E00C8-7B42-5865-6766-9640A899505E}.Release|Any CPU.Build.0 = Release|Any CPU
		{DE9E00C8-7B42-5865-6766-9640A899505E}.Release|x64.ActiveCfg = Release|Any CPU
		{DE9E00C8-7B42-5865-6766-9640A899505E}.Release|x64.Build.0 = Release|Any CPU
		{DE9E00C8-7B42-5865-6766-9640A899505E}.Release|x86.ActiveCfg = Release|Any CPU
		{DE9E00C8-7B42-5865-6766-9640A899505E}.Release|x86.Build.0 = Release|Any CPU
		{AB879397-DA36-988B-4AD0-AA37E9601090}.Debug|Any CPU.ActiveCfg = Debug|Any CPU
		{AB879397-DA36-988B-4AD0-AA37E9601090}.Debug|Any CPU.Build.0 = Debug|Any CPU
		{AB879397-DA36-988B-4AD0-AA37E9601090}.Debug|x64.ActiveCfg = Debug|Any CPU
		{AB879397-DA36-988B-4AD0-AA37E9601090}.Debug|x64.Build.0 = Debug|Any CPU
		{AB879397-DA36-988B-4AD0-AA37E9601090}.Debug|x86.ActiveCfg = Debug|Any CPU
		{AB879397-DA36-988B-4AD0-AA37E9601090}.Debug|x86.Build.0 = Debug|Any CPU
		{AB879397-DA36-988B-4AD0-AA37E9601090}.Release|Any CPU.ActiveCfg = Release|Any CPU
		{AB879397-DA36-988B-4AD0-AA37E9601090}.Release|Any CPU.Build.0 = Release|Any CPU
		{AB879397-DA36-988B-4AD0-AA37E9601090}.Release|x64.ActiveCfg = Release|Any CPU
		{AB879397-DA36-988B-4AD0-AA37E9601090}.Release|x64.Build.0 = Release|Any CPU
		{AB879397-DA36-988B-4AD0-AA37E9601090}.Release|x86.ActiveCfg = Release|Any CPU
		{AB879397-DA36-988B-4AD0-AA37E9601090}.Release|x86.Build.0 = Release|Any CPU
		{01708F42-984D-46BC-FED3-2F9FF30D753C}.Debug|Any CPU.ActiveCfg = Debug|Any CPU
		{01708F42-984D-46BC-FED3-2F9FF30D753C}.Debug|Any CPU.Build.0 = Debug|Any CPU
		{01708F42-984D-46BC-FED3-2F9FF30D753C}.Debug|x64.ActiveCfg = Debug|Any CPU
		{01708F42-984D-46BC-FED3-2F9FF30D753C}.Debug|x64.Build.0 = Debug|Any CPU
		{01708F42-984D-46BC-FED3-2F9FF30D753C}.Debug|x86.ActiveCfg = Debug|Any CPU
		{01708F42-984D-46BC-FED3-2F9FF30D753C}.Debug|x86.Build.0 = Debug|Any CPU
		{01708F42-984D-46BC-FED3-2F9FF30D753C}.Release|Any CPU.ActiveCfg = Release|Any CPU
		{01708F42-984D-46BC-FED3-2F9FF30D753C}.Release|Any CPU.Build.0 = Release|Any CPU
		{01708F42-984D-46BC-FED3-2F9FF30D753C}.Release|x64.ActiveCfg = Release|Any CPU
		{01708F42-984D-46BC-FED3-2F9FF30D753C}.Release|x64.Build.0 = Release|Any CPU
		{01708F42-984D-46BC-FED3-2F9FF30D753C}.Release|x86.ActiveCfg = Release|Any CPU
		{01708F42-984D-46BC-FED3-2F9FF30D753C}.Release|x86.Build.0 = Release|Any CPU
		{7D517858-76C7-DC0D-D36E-59FDBAB2B72B}.Debug|Any CPU.ActiveCfg = Debug|Any CPU
		{7D517858-76C7-DC0D-D36E-59FDBAB2B72B}.Debug|Any CPU.Build.0 = Debug|Any CPU
		{7D517858-76C7-DC0D-D36E-59FDBAB2B72B}.Debug|x64.ActiveCfg = Debug|Any CPU
		{7D517858-76C7-DC0D-D36E-59FDBAB2B72B}.Debug|x64.Build.0 = Debug|Any CPU
		{7D517858-76C7-DC0D-D36E-59FDBAB2B72B}.Debug|x86.ActiveCfg = Debug|Any CPU
		{7D517858-76C7-DC0D-D36E-59FDBAB2B72B}.Debug|x86.Build.0 = Debug|Any CPU
		{7D517858-76C7-DC0D-D36E-59FDBAB2B72B}.Release|Any CPU.ActiveCfg = Release|Any CPU
		{7D517858-76C7-DC0D-D36E-59FDBAB2B72B}.Release|Any CPU.Build.0 = Release|Any CPU
		{7D517858-76C7-DC0D-D36E-59FDBAB2B72B}.Release|x64.ActiveCfg = Release|Any CPU
		{7D517858-76C7-DC0D-D36E-59FDBAB2B72B}.Release|x64.Build.0 = Release|Any CPU
		{7D517858-76C7-DC0D-D36E-59FDBAB2B72B}.Release|x86.ActiveCfg = Release|Any CPU
		{7D517858-76C7-DC0D-D36E-59FDBAB2B72B}.Release|x86.Build.0 = Release|Any CPU
		{9B46286F-2F54-FD39-CD7E-B66A1943019A}.Debug|Any CPU.ActiveCfg = Debug|Any CPU
		{9B46286F-2F54-FD39-CD7E-B66A1943019A}.Debug|Any CPU.Build.0 = Debug|Any CPU
		{9B46286F-2F54-FD39-CD7E-B66A1943019A}.Debug|x64.ActiveCfg = Debug|Any CPU
		{9B46286F-2F54-FD39-CD7E-B66A1943019A}.Debug|x64.Build.0 = Debug|Any CPU
		{9B46286F-2F54-FD39-CD7E-B66A1943019A}.Debug|x86.ActiveCfg = Debug|Any CPU
		{9B46286F-2F54-FD39-CD7E-B66A1943019A}.Debug|x86.Build.0 = Debug|Any CPU
		{9B46286F-2F54-FD39-CD7E-B66A1943019A}.Release|Any CPU.ActiveCfg = Release|Any CPU
		{9B46286F-2F54-FD39-CD7E-B66A1943019A}.Release|Any CPU.Build.0 = Release|Any CPU
		{9B46286F-2F54-FD39-CD7E-B66A1943019A}.Release|x64.ActiveCfg = Release|Any CPU
		{9B46286F-2F54-FD39-CD7E-B66A1943019A}.Release|x64.Build.0 = Release|Any CPU
		{9B46286F-2F54-FD39-CD7E-B66A1943019A}.Release|x86.ActiveCfg = Release|Any CPU
		{9B46286F-2F54-FD39-CD7E-B66A1943019A}.Release|x86.Build.0 = Release|Any CPU
	EndGlobalSection
	GlobalSection(SolutionProperties) = preSolution
		HideSolutionNode = FALSE
	EndGlobalSection
	GlobalSection(NestedProjects) = preSolution
		{7F28A16B-D4C5-4AF0-A03D-BA4E277A8C90} = {0C88DD14-F956-CE84-757C-A364CCF449FC}
		{A94DAA0D-ACD8-4066-B181-49C6926D3388} = {0C88DD14-F956-CE84-757C-A364CCF449FC}
		{02EA681E-C7D8-13C7-8484-4AC65E1B71E8} = {8EC462FD-D22E-90A8-E5CE-7E832BA40C5D}
		{987D6155-952B-45A7-A260-91D32CA09A43} = {C372229D-44A8-408F-9E37-010E2FCA5878}
		{9588FACA-7CCE-5B15-2BDC-C7ACA5EA75C8} = {DFAC4BB9-8576-4617-B354-E8B3F2D3587D}
		{FD07C3DA-A631-B59F-6934-1C34958CCE88} = {DFAC4BB9-8576-4617-B354-E8B3F2D3587D}
		{96F8A05C-C539-2600-936E-FC27CEFD6182} = {DFAC4BB9-8576-4617-B354-E8B3F2D3587D}
		{4D1796B5-162B-8E76-900C-1F0CE41A1198} = {DFAC4BB9-8576-4617-B354-E8B3F2D3587D}
		{735C2DD7-C7B8-0EA7-EBA1-3A016AE83C9D} = {DFAC4BB9-8576-4617-B354-E8B3F2D3587D}
		{75F62D34-1A4A-08DC-2D7F-11B0FD07A3DA} = {DFAC4BB9-8576-4617-B354-E8B3F2D3587D}
		{01BF13FB-2325-FF15-25E2-6E1E7BA22A22} = {DFAC4BB9-8576-4617-B354-E8B3F2D3587D}
		{77E91124-1910-64D9-D114-B8F418DA2BD5} = {DFAC4BB9-8576-4617-B354-E8B3F2D3587D}
		{4C40407D-7A23-729F-DEC5-094D1BBF5EB2} = {DFAC4BB9-8576-4617-B354-E8B3F2D3587D}
		{DD42F8FE-F324-EDC6-7CD4-6E9FEC56418E} = {DFAC4BB9-8576-4617-B354-E8B3F2D3587D}
		{F42F1F8D-A4C5-796B-8E34-F1B043DCC87C} = {DFAC4BB9-8576-4617-B354-E8B3F2D3587D}
		{0E32B949-7AC3-9EFB-8201-5F00602DEE80} = {DFAC4BB9-8576-4617-B354-E8B3F2D3587D}
		{45E65817-6FEF-04AA-B8C4-783047567B5A} = {DFAC4BB9-8576-4617-B354-E8B3F2D3587D}
		{DE9E00C8-7B42-5865-6766-9640A899505E} = {DFAC4BB9-8576-4617-B354-E8B3F2D3587D}
		{AB879397-DA36-988B-4AD0-AA37E9601090} = {DFAC4BB9-8576-4617-B354-E8B3F2D3587D}
		{01708F42-984D-46BC-FED3-2F9FF30D753C} = {DFAC4BB9-8576-4617-B354-E8B3F2D3587D}
		{7D517858-76C7-DC0D-D36E-59FDBAB2B72B} = {DFAC4BB9-8576-4617-B354-E8B3F2D3587D}
		{9B46286F-2F54-FD39-CD7E-B66A1943019A} = {DFAC4BB9-8576-4617-B354-E8B3F2D3587D}
	EndGlobalSection
	GlobalSection(ExtensibilityGlobals) = postSolution
		SolutionGuid = {8223CBEE-2CE1-412E-9604-F697AFA02713}
	EndGlobalSection
EndGlobal
